
Microsoft Visual Studio Solution File, Format Version 12.00
# Visual Studio Version 16
VisualStudioVersion = 16.0.31605.320
MinimumVisualStudioVersion = 10.0.40219.1
Project("{FAE04EC0-301F-11D3-BF4B-00C04F79EFBC}") = "opp-lesson-4-parking", "opp-lesson-4-parking\opp-lesson-4-parking.csproj", "{51A14634-1C26-45A2-94BC-69F91C8A39E8}"
EndProject
Global
	GlobalSection(SolutionConfigurationPlatforms) = preSolution
		Debug|Any CPU = Debug|Any CPU
		Release|Any CPU = Release|Any CPU
	EndGlobalSection
	GlobalSection(ProjectConfigurationPlatforms) = postSolution
		{51A14634-1C26-45A2-94BC-69F91C8A39E8}.Debug|Any CPU.ActiveCfg = Debug|Any CPU
		{51A14634-1C26-45A2-94BC-69F91C8A39E8}.Debug|Any CPU.Build.0 = Debug|Any CPU
		{51A14634-1C26-45A2-94BC-69F91C8A39E8}.Release|Any CPU.ActiveCfg = Release|Any CPU
		{51A14634-1C26-45A2-94BC-69F91C8A39E8}.Release|Any CPU.Build.0 = Release|Any CPU
	EndGlobalSection
	GlobalSection(SolutionProperties) = preSolution
		HideSolutionNode = FALSE
	EndGlobalSection
	GlobalSection(ExtensibilityGlobals) = postSolution
		SolutionGuid = {2D6775F8-AD46-4233-B99B-9EFB75BA87E1}
	EndGlobalSection
EndGlobal
